
Microsoft Visual Studio Solution File, Format Version 12.00
# Visual Studio Version 16
VisualStudioVersion = 16.0.30804.86
MinimumVisualStudioVersion = 10.0.40219.1
Project("{FAE04EC0-301F-11D3-BF4B-00C04F79EFBC}") = "M150_EncryptionProject", "M150_EncryptionProject\M150_EncryptionProject.csproj", "{964B4B8D-B792-400D-B0D5-25CAFB89E6ED}"
EndProject
Global
	GlobalSection(SolutionConfigurationPlatforms) = preSolution
		Debug|Any CPU = Debug|Any CPU
		Release|Any CPU = Release|Any CPU
	EndGlobalSection
	GlobalSection(ProjectConfigurationPlatforms) = postSolution
		{964B4B8D-B792-400D-B0D5-25CAFB89E6ED}.Debug|Any CPU.ActiveCfg = Debug|Any CPU
		{964B4B8D-B792-400D-B0D5-25CAFB89E6ED}.Debug|Any CPU.Build.0 = Debug|Any CPU
		{964B4B8D-B792-400D-B0D5-25CAFB89E6ED}.Release|Any CPU.ActiveCfg = Release|Any CPU
		{964B4B8D-B792-400D-B0D5-25CAFB89E6ED}.Release|Any CPU.Build.0 = Release|Any CPU
	EndGlobalSection
	GlobalSection(SolutionProperties) = preSolution
		HideSolutionNode = FALSE
	EndGlobalSection
	GlobalSection(ExtensibilityGlobals) = postSolution
		SolutionGuid = {187733F4-0E1F-44B7-B30D-D160701ADD55}
	EndGlobalSection
EndGlobal
